
Microsoft Visual Studio Solution File, Format Version 12.00
# Visual Studio 14
VisualStudioVersion = 14.0.23107.0
MinimumVisualStudioVersion = 10.0.40219.1
Project("{FAE04EC0-301F-11D3-BF4B-00C04F79EFBC}") = "MartenFS", "MartenFS\MartenFS.csproj", "{367CD74A-1617-4202-9A67-6A8CCCC828F6}"
EndProject
Project("{FAE04EC0-301F-11D3-BF4B-00C04F79EFBC}") = "MartenFS.Tests", "MartenFS.Tests\MartenFS.Tests.csproj", "{13F4189C-D5BF-4312-9182-D3CCEAEEC89D}"
EndProject
Global
	GlobalSection(SolutionConfigurationPlatforms) = preSolution
		Debug|Any CPU = Debug|Any CPU
		Release|Any CPU = Release|Any CPU
	EndGlobalSection
	GlobalSection(ProjectConfigurationPlatforms) = postSolution
		{367CD74A-1617-4202-9A67-6A8CCCC828F6}.Debug|Any CPU.ActiveCfg = Debug|Any CPU
		{367CD74A-1617-4202-9A67-6A8CCCC828F6}.Debug|Any CPU.Build.0 = Debug|Any CPU
		{367CD74A-1617-4202-9A67-6A8CCCC828F6}.Release|Any CPU.ActiveCfg = Release|Any CPU
		{367CD74A-1617-4202-9A67-6A8CCCC828F6}.Release|Any CPU.Build.0 = Release|Any CPU
		{13F4189C-D5BF-4312-9182-D3CCEAEEC89D}.Debug|Any CPU.ActiveCfg = Debug|Any CPU
		{13F4189C-D5BF-4312-9182-D3CCEAEEC89D}.Debug|Any CPU.Build.0 = Debug|Any CPU
		{13F4189C-D5BF-4312-9182-D3CCEAEEC89D}.Release|Any CPU.ActiveCfg = Release|Any CPU
		{13F4189C-D5BF-4312-9182-D3CCEAEEC89D}.Release|Any CPU.Build.0 = Release|Any CPU
	EndGlobalSection
	GlobalSection(SolutionProperties) = preSolution
		HideSolutionNode = FALSE
	EndGlobalSection
EndGlobal
